// !$*UTF8*$!
{
	archiveVersion = 1;
	classes = {
	};
	objectVersion = 51;
	objects = {

/* Begin PBXBuildFile section */
		8DE35E5223CB31CA00D1B898 /* AppDelegate.swift in Sources */ = {isa = PBXBuildFile; fileRef = 8DE35E5123CB31CA00D1B898 /* AppDelegate.swift */; };
		8DE35E5423CB31CA00D1B898 /* SceneDelegate.swift in Sources */ = {isa = PBXBuildFile; fileRef = 8DE35E5323CB31CA00D1B898 /* SceneDelegate.swift */; };
		8DE35E5623CB31CA00D1B898 /* ListViewController.swift in Sources */ = {isa = PBXBuildFile; fileRef = 8DE35E5523CB31CA00D1B898 /* ListViewController.swift */; };
		8DE35E5923CB31CA00D1B898 /* Main.storyboard in Resources */ = {isa = PBXBuildFile; fileRef = 8DE35E5723CB31CA00D1B898 /* Main.storyboard */; };
		8DE35E5B23CB31CC00D1B898 /* Assets.xcassets in Resources */ = {isa = PBXBuildFile; fileRef = 8DE35E5A23CB31CC00D1B898 /* Assets.xcassets */; };
		8DE35E5E23CB31CC00D1B898 /* LaunchScreen.storyboard in Resources */ = {isa = PBXBuildFile; fileRef = 8DE35E5C23CB31CC00D1B898 /* LaunchScreen.storyboard */; };
		8DE35E6623CB327000D1B898 /* GoogleService-Info.plist in Resources */ = {isa = PBXBuildFile; fileRef = 8DE35E6523CB327000D1B898 /* GoogleService-Info.plist */; };
		8DE35E6A23CB330D00D1B898 /* FirebaseManager.swift in Sources */ = {isa = PBXBuildFile; fileRef = 8DE35E6923CB330D00D1B898 /* FirebaseManager.swift */; };
		8DE35E6C23CB484F00D1B898 /* HistoryViewController.swift in Sources */ = {isa = PBXBuildFile; fileRef = 8DE35E6B23CB484F00D1B898 /* HistoryViewController.swift */; };
		9A3B888E9B06B48595318369 /* Pods_songSearch0112.framework in Frameworks */ = {isa = PBXBuildFile; fileRef = 95A93D5D188CB0158C495473 /* Pods_songSearch0112.framework */; };
/* End PBXBuildFile section */

/* Begin PBXFileReference section */
		81C7BD2EAB9772532306ED67 /* Pods-songSearch0112.debug.xcconfig */ = {isa = PBXFileReference; includeInIndex = 1; lastKnownFileType = text.xcconfig; name = "Pods-songSearch0112.debug.xcconfig"; path = "Target Support Files/Pods-songSearch0112/Pods-songSearch0112.debug.xcconfig"; sourceTree = "<group>"; };
		8DE35E4E23CB31CA00D1B898 /* songSearch0112.app */ = {isa = PBXFileReference; explicitFileType = wrapper.application; includeInIndex = 0; path = songSearch0112.app; sourceTree = BUILT_PRODUCTS_DIR; };
		8DE35E5123CB31CA00D1B898 /* AppDelegate.swift */ = {isa = PBXFileReference; lastKnownFileType = sourcecode.swift; path = AppDelegate.swift; sourceTree = "<group>"; };
		8DE35E5323CB31CA00D1B898 /* SceneDelegate.swift */ = {isa = PBXFileReference; lastKnownFileType = sourcecode.swift; path = SceneDelegate.swift; sourceTree = "<group>"; };
		8DE35E5523CB31CA00D1B898 /* ListViewController.swift */ = {isa = PBXFileReference; lastKnownFileType = sourcecode.swift; path = ListViewController.swift; sourceTree = "<group>"; };
		8DE35E5823CB31CA00D1B898 /* Base */ = {isa = PBXFileReference; lastKnownFileType = file.storyboard; name = Base; path = Base.lproj/Main.storyboard; sourceTree = "<group>"; };
		8DE35E5A23CB31CC00D1B898 /* Assets.xcassets */ = {isa = PBXFileReference; lastKnownFileType = folder.assetcatalog; path = Assets.xcassets; sourceTree = "<group>"; };
		8DE35E5D23CB31CC00D1B898 /* Base */ = {isa = PBXFileReference; lastKnownFileType = file.storyboard; name = Base; path = Base.lproj/LaunchScreen.storyboard; sourceTree = "<group>"; };
		8DE35E5F23CB31CC00D1B898 /* Info.plist */ = {isa = PBXFileReference; lastKnownFileType = text.plist.xml; path = Info.plist; sourceTree = "<group>"; };
		8DE35E6523CB327000D1B898 /* GoogleService-Info.plist */ = {isa = PBXFileReference; fileEncoding = 4; lastKnownFileType = text.plist.xml; path = "GoogleService-Info.plist"; sourceTree = "<group>"; };
		8DE35E6923CB330D00D1B898 /* FirebaseManager.swift */ = {isa = PBXFileReference; lastKnownFileType = sourcecode.swift; path = FirebaseManager.swift; sourceTree = "<group>"; };
		8DE35E6B23CB484F00D1B898 /* HistoryViewController.swift */ = {isa = PBXFileReference; lastKnownFileType = sourcecode.swift; path = HistoryViewController.swift; sourceTree = "<group>"; };
		95A93D5D188CB0158C495473 /* Pods_songSearch0112.framework */ = {isa = PBXFileReference; explicitFileType = wrapper.framework; includeInIndex = 0; path = Pods_songSearch0112.framework; sourceTree = BUILT_PRODUCTS_DIR; };
		D4340495B4E5A0225939BECA /* Pods-songSearch0112.release.xcconfig */ = {isa = PBXFileReference; includeInIndex = 1; lastKnownFileType = text.xcconfig; name = "Pods-songSearch0112.release.xcconfig"; path = "Target Support Files/Pods-songSearch0112/Pods-songSearch0112.release.xcconfig"; sourceTree = "<group>"; };
/* End PBXFileReference section */

/* Begin PBXFrameworksBuildPhase section */
		8DE35E4B23CB31CA00D1B898 /* Frameworks */ = {
			isa = PBXFrameworksBuildPhase;
			buildActionMask = 2147483647;
			files = (
				9A3B888E9B06B48595318369 /* Pods_songSearch0112.framework in Frameworks */,
			);
			runOnlyForDeploymentPostprocessing = 0;
		};
/* End PBXFrameworksBuildPhase section */

/* Begin PBXGroup section */
		38078A3E1A8675733B23D2A2 /* Frameworks */ = {
			isa = PBXGroup;
			children = (
				95A93D5D188CB0158C495473 /* Pods_songSearch0112.framework */,
			);
			name = Frameworks;
			sourceTree = "<group>";
		};
		8DE35E4523CB31CA00D1B898 = {
			isa = PBXGroup;
			children = (
				8DE35E5023CB31CA00D1B898 /* songSearch0112 */,
				8DE35E4F23CB31CA00D1B898 /* Products */,
				8F17C7E81A8990273300E39C /* Pods */,
				38078A3E1A8675733B23D2A2 /* Frameworks */,
			);
			sourceTree = "<group>";
		};
		8DE35E4F23CB31CA00D1B898 /* Products */ = {
			isa = PBXGroup;
			children = (
				8DE35E4E23CB31CA00D1B898 /* songSearch0112.app */,
			);
			name = Products;
			sourceTree = "<group>";
		};
		8DE35E5023CB31CA00D1B898 /* songSearch0112 */ = {
			isa = PBXGroup;
			children = (
				8DE35E5123CB31CA00D1B898 /* AppDelegate.swift */,
				8DE35E5323CB31CA00D1B898 /* SceneDelegate.swift */,
				8DE35E6723CB32E000D1B898 /* Model */,
				8DE35E6823CB32F200D1B898 /* Controller */,
				8DE35E5723CB31CA00D1B898 /* Main.storyboard */,
				8DE35E5A23CB31CC00D1B898 /* Assets.xcassets */,
				8DE35E5C23CB31CC00D1B898 /* LaunchScreen.storyboard */,
				8DE35E6523CB327000D1B898 /* GoogleService-Info.plist */,
				8DE35E5F23CB31CC00D1B898 /* Info.plist */,
			);
			path = songSearch0112;
			sourceTree = "<group>";
		};
		8DE35E6723CB32E000D1B898 /* Model */ = {
			isa = PBXGroup;
			children = (
				8DE35E6923CB330D00D1B898 /* FirebaseManager.swift */,
			);
			path = Model;
			sourceTree = "<group>";
		};
		8DE35E6823CB32F200D1B898 /* Controller */ = {
			isa = PBXGroup;
			children = (
				8DE35E5523CB31CA00D1B898 /* ListViewController.swift */,
				8DE35E6B23CB484F00D1B898 /* HistoryViewController.swift */,
			);
			path = Controller;
			sourceTree = "<group>";
		};
		8F17C7E81A8990273300E39C /* Pods */ = {
			isa = PBXGroup;
			children = (
				81C7BD2EAB9772532306ED67 /* Pods-songSearch0112.debug.xcconfig */,
				D4340495B4E5A0225939BECA /* Pods-songSearch0112.release.xcconfig */,
			);
			path = Pods;
			sourceTree = "<group>";
		};
/* End PBXGroup section */

/* Begin PBXNativeTarget section */
		8DE35E4D23CB31CA00D1B898 /* songSearch0112 */ = {
			isa = PBXNativeTarget;
			buildConfigurationList = 8DE35E6223CB31CC00D1B898 /* Build configuration list for PBXNativeTarget "songSearch0112" */;
			buildPhases = (
				3650B1C45FF1A93DCCF7FA0C /* [CP] Check Pods Manifest.lock */,
				8DE35E4A23CB31CA00D1B898 /* Sources */,
				8DE35E4B23CB31CA00D1B898 /* Frameworks */,
				8DE35E4C23CB31CA00D1B898 /* Resources */,
				179FD22A9D46B0F3B5D63CE0 /* [CP] Embed Pods Frameworks */,
			);
			buildRules = (
			);
			dependencies = (
			);
			name = songSearch0112;
			productName = songSearch0112;
			productReference = 8DE35E4E23CB31CA00D1B898 /* songSearch0112.app */;
			productType = "com.apple.product-type.application";
		};
/* End PBXNativeTarget section */

/* Begin PBXProject section */
		8DE35E4623CB31CA00D1B898 /* Project object */ = {
			isa = PBXProject;
			attributes = {
				LastSwiftUpdateCheck = 1130;
				LastUpgradeCheck = 1130;
				ORGANIZATIONNAME = "신용철";
				TargetAttributes = {
					8DE35E4D23CB31CA00D1B898 = {
						CreatedOnToolsVersion = 11.3;
					};
				};
			};
			buildConfigurationList = 8DE35E4923CB31CA00D1B898 /* Build configuration list for PBXProject "songSearch0112" */;
			compatibilityVersion = "Xcode 9.3";
			developmentRegion = en;
			hasScannedForEncodings = 0;
			knownRegions = (
				en,
				Base,
			);
			mainGroup = 8DE35E4523CB31CA00D1B898;
			productRefGroup = 8DE35E4F23CB31CA00D1B898 /* Products */;
			projectDirPath = "";
			projectRoot = "";
			targets = (
				8DE35E4D23CB31CA00D1B898 /* songSearch0112 */,
			);
		};
/* End PBXProject section */

/* Begin PBXResourcesBuildPhase section */
		8DE35E4C23CB31CA00D1B898 /* Resources */ = {
			isa = PBXResourcesBuildPhase;
			buildActionMask = 2147483647;
			files = (
				8DE35E5E23CB31CC00D1B898 /* LaunchScreen.storyboard in Resources */,
				8DE35E6623CB327000D1B898 /* GoogleService-Info.plist in Resources */,
				8DE35E5B23CB31CC00D1B898 /* Assets.xcassets in Resources */,
				8DE35E5923CB31CA00D1B898 /* Main.storyboard in Resources */,
			);
			runOnlyForDeploymentPostprocessing = 0;
		};
/* End PBXResourcesBuildPhase section */

/* Begin PBXShellScriptBuildPhase section */
		179FD22A9D46B0F3B5D63CE0 /* [CP] Embed Pods Frameworks */ = {
			isa = PBXShellScriptBuildPhase;
			buildActionMask = 2147483647;
			files = (
			);
			inputFileListPaths = (
				"${PODS_ROOT}/Target Support Files/Pods-songSearch0112/Pods-songSearch0112-frameworks-${CONFIGURATION}-input-files.xcfilelist",
			);
			name = "[CP] Embed Pods Frameworks";
			outputFileListPaths = (
				"${PODS_ROOT}/Target Support Files/Pods-songSearch0112/Pods-songSearch0112-frameworks-${CONFIGURATION}-output-files.xcfilelist",
			);
			runOnlyForDeploymentPostprocessing = 0;
			shellPath = /bin/sh;
			shellScript = "\"${PODS_ROOT}/Target Support Files/Pods-songSearch0112/Pods-songSearch0112-frameworks.sh\"\n";
			showEnvVarsInLog = 0;
		};
		3650B1C45FF1A93DCCF7FA0C /* [CP] Check Pods Manifest.lock */ = {
			isa = PBXShellScriptBuildPhase;
			buildActionMask = 2147483647;
			files = (
			);
			inputFileListPaths = (
			);
			inputPaths = (
				"${PODS_PODFILE_DIR_PATH}/Podfile.lock",
				"${PODS_ROOT}/Manifest.lock",
			);
			name = "[CP] Check Pods Manifest.lock";
			outputFileListPaths = (
			);
			outputPaths = (
				"$(DERIVED_FILE_DIR)/Pods-songSearch0112-checkManifestLockResult.txt",
			);
			runOnlyForDeploymentPostprocessing = 0;
			shellPath = /bin/sh;
			shellScript = "diff \"${PODS_PODFILE_DIR_PATH}/Podfile.lock\" \"${PODS_ROOT}/Manifest.lock\" > /dev/null\nif [ $? != 0 ] ; then\n    # print error to STDERR\n    echo \"error: The sandbox is not in sync with the Podfile.lock. Run 'pod install' or update your CocoaPods installation.\" >&2\n    exit 1\nfi\n# This output is used by Xcode 'outputs' to avoid re-running this script phase.\necho \"SUCCESS\" > \"${SCRIPT_OUTPUT_FILE_0}\"\n";
			showEnvVarsInLog = 0;
		};
/* End PBXShellScriptBuildPhase section */

/* Begin PBXSourcesBuildPhase section */
		8DE35E4A23CB31CA00D1B898 /* Sources */ = {
			isa = PBXSourcesBuildPhase;
			buildActionMask = 2147483647;
			files = (
				8DE35E6A23CB330D00D1B898 /* FirebaseManager.swift in Sources */,
				8DE35E5623CB31CA00D1B898 /* ListViewController.swift in Sources */,
				8DE35E5223CB31CA00D1B898 /* AppDelegate.swift in Sources */,
				8DE35E6C23CB484F00D1B898 /* HistoryViewController.swift in Sources */,
				8DE35E5423CB31CA00D1B898 /* SceneDelegate.swift in Sources */,
			);
			runOnlyForDeploymentPostprocessing = 0;
		};
/* End PBXSourcesBuildPhase section */

/* Begin PBXVariantGroup section */
		8DE35E5723CB31CA00D1B898 /* Main.storyboard */ = {
			isa = PBXVariantGroup;
			children = (
				8DE35E5823CB31CA00D1B898 /* Base */,
			);
			name = Main.storyboard;
			sourceTree = "<group>";
		};
		8DE35E5C23CB31CC00D1B898 /* LaunchScreen.storyboard */ = {
			isa = PBXVariantGroup;
			children = (
				8DE35E5D23CB31CC00D1B898 /* Base */,
			);
			name = LaunchScreen.storyboard;
			sourceTree = "<group>";
		};
/* End PBXVariantGroup section */

/* Begin XCBuildConfiguration section */
		8DE35E6023CB31CC00D1B898 /* Debug */ = {
			isa = XCBuildConfiguration;
			buildSettings = {
				ALWAYS_SEARCH_USER_PATHS = NO;
				CLANG_ANALYZER_NONNULL = YES;
				CLANG_ANALYZER_NUMBER_OBJECT_CONVERSION = YES_AGGRESSIVE;
				CLANG_CXX_LANGUAGE_STANDARD = "gnu++14";
				CLANG_CXX_LIBRARY = "libc++";
				CLANG_ENABLE_MODULES = YES;
				CLANG_ENABLE_OBJC_ARC = YES;
				CLANG_ENABLE_OBJC_WEAK = YES;
				CLANG_WARN_BLOCK_CAPTURE_AUTORELEASING = YES;
				CLANG_WARN_BOOL_CONVERSION = YES;
				CLANG_WARN_COMMA = YES;
				CLANG_WARN_CONSTANT_CONVERSION = YES;
				CLANG_WARN_DEPRECATED_OBJC_IMPLEMENTATIONS = YES;
				CLANG_WARN_DIRECT_OBJC_ISA_USAGE = YES_ERROR;
				CLANG_WARN_DOCUMENTATION_COMMENTS = YES;
				CLANG_WARN_EMPTY_BODY = YES;
				CLANG_WARN_ENUM_CONVERSION = YES;
				CLANG_WARN_INFINITE_RECURSION = YES;
				CLANG_WARN_INT_CONVERSION = YES;
				CLANG_WARN_NON_LITERAL_NULL_CONVERSION = YES;
				CLANG_WARN_OBJC_IMPLICIT_RETAIN_SELF = YES;
				CLANG_WARN_OBJC_LITERAL_CONVERSION = YES;
				CLANG_WARN_OBJC_ROOT_CLASS = YES_ERROR;
				CLANG_WARN_RANGE_LOOP_ANALYSIS = YES;
				CLANG_WARN_STRICT_PROTOTYPES = YES;
				CLANG_WARN_SUSPICIOUS_MOVE = YES;
				CLANG_WARN_UNGUARDED_AVAILABILITY = YES_AGGRESSIVE;
				CLANG_WARN_UNREACHABLE_CODE = YES;
				CLANG_WARN__DUPLICATE_METHOD_MATCH = YES;
				COPY_PHASE_STRIP = NO;
				DEBUG_INFORMATION_FORMAT = dwarf;
				ENABLE_STRICT_OBJC_MSGSEND = YES;
				ENABLE_TESTABILITY = YES;
				GCC_C_LANGUAGE_STANDARD = gnu11;
				GCC_DYNAMIC_NO_PIC = NO;
				GCC_NO_COMMON_BLOCKS = YES;
				GCC_OPTIMIZATION_LEVEL = 0;
				GCC_PREPROCESSOR_DEFINITIONS = (
					"DEBUG=1",
					"$(inherited)",
				);
				GCC_WARN_64_TO_32_BIT_CONVERSION = YES;
				GCC_WARN_ABOUT_RETURN_TYPE = YES_ERROR;
				GCC_WARN_UNDECLARED_SELECTOR = YES;
				GCC_WARN_UNINITIALIZED_AUTOS = YES_AGGRESSIVE;
				GCC_WARN_UNUSED_FUNCTION = YES;
				GCC_WARN_UNUSED_VARIABLE = YES;
				IPHONEOS_DEPLOYMENT_TARGET = 13.2;
				MTL_ENABLE_DEBUG_INFO = INCLUDE_SOURCE;
				MTL_FAST_MATH = YES;
				ONLY_ACTIVE_ARCH = YES;
				SDKROOT = iphoneos;
				SWIFT_ACTIVE_COMPILATION_CONDITIONS = DEBUG;
				SWIFT_OPTIMIZATION_LEVEL = "-Onone";
			};
			name = Debug;
		};
		8DE35E6123CB31CC00D1B898 /* Release */ = {
			isa = XCBuildConfiguration;
			buildSettings = {
				ALWAYS_SEARCH_USER_PATHS = NO;
				CLANG_ANALYZER_NONNULL = YES;
				CLANG_ANALYZER_NUMBER_OBJECT_CONVERSION = YES_AGGRESSIVE;
				CLANG_CXX_LANGUAGE_STANDARD = "gnu++14";
				CLANG_CXX_LIBRARY = "libc++";
				CLANG_ENABLE_MODULES = YES;
				CLANG_ENABLE_OBJC_ARC = YES;
				CLANG_ENABLE_OBJC_WEAK = YES;
				CLANG_WARN_BLOCK_CAPTURE_AUTORELEASING = YES;
				CLANG_WARN_BOOL_CONVERSION = YES;
				CLANG_WARN_COMMA = YES;
				CLANG_WARN_CONSTANT_CONVERSION = YES;
				CLANG_WARN_DEPRECATED_OBJC_IMPLEMENTATIONS = YES;
				CLANG_WARN_DIRECT_OBJC_ISA_USAGE = YES_ERROR;
				CLANG_WARN_DOCUMENTATION_COMMENTS = YES;
				CLANG_WARN_EMPTY_BODY = YES;
				CLANG_WARN_ENUM_CONVERSION = YES;
				CLANG_WARN_INFINITE_RECURSION = YES;
				CLANG_WARN_INT_CONVERSION = YES;
				CLANG_WARN_NON_LITERAL_NULL_CONVERSION = YES;
				CLANG_WARN_OBJC_IMPLICIT_RETAIN_SELF = YES;
				CLANG_WARN_OBJC_LITERAL_CONVERSION = YES;
				CLANG_WARN_OBJC_ROOT_CLASS = YES_ERROR;
				CLANG_WARN_RANGE_LOOP_ANALYSIS = YES;
				CLANG_WARN_STRICT_PROTOTYPES = YES;
				CLANG_WARN_SUSPICIOUS_MOVE = YES;
				CLANG_WARN_UNGUARDED_AVAILABILITY = YES_AGGRESSIVE;
				CLANG_WARN_UNREACHABLE_CODE = YES;
				CLANG_WARN__DUPLICATE_METHOD_MATCH = YES;
				COPY_PHASE_STRIP = NO;
				DEBUG_INFORMATION_FORMAT = "dwarf-with-dsym";
				ENABLE_NS_ASSERTIONS = NO;
				ENABLE_STRICT_OBJC_MSGSEND = YES;
				GCC_C_LANGUAGE_STANDARD = gnu11;
				GCC_NO_COMMON_BLOCKS = YES;
				GCC_WARN_64_TO_32_BIT_CONVERSION = YES;
				GCC_WARN_ABOUT_RETURN_TYPE = YES_ERROR;
				GCC_WARN_UNDECLARED_SELECTOR = YES;
				GCC_WARN_UNINITIALIZED_AUTOS = YES_AGGRESSIVE;
				GCC_WARN_UNUSED_FUNCTION = YES;
				GCC_WARN_UNUSED_VARIABLE = YES;
				IPHONEOS_DEPLOYMENT_TARGET = 13.2;
				MTL_ENABLE_DEBUG_INFO = NO;
				MTL_FAST_MATH = YES;
				SDKROOT = iphoneos;
				SWIFT_COMPILATION_MODE = wholemodule;
				SWIFT_OPTIMIZATION_LEVEL = "-O";
				VALIDATE_PRODUCT = YES;
			};
			name = Release;
		};
		8DE35E6323CB31CC00D1B898 /* Debug */ = {
			isa = XCBuildConfiguration;
			baseConfigurationReference = 81C7BD2EAB9772532306ED67 /* Pods-songSearch0112.debug.xcconfig */;
			buildSettings = {
				ASSETCATALOG_COMPILER_APPICON_NAME = AppIcon;
				CODE_SIGN_STYLE = Automatic;
				DEVELOPMENT_TEAM = RCDSXX6TNM;
				INFOPLIST_FILE = songSearch0112/Info.plist;
				LD_RUNPATH_SEARCH_PATHS = (
					"$(inherited)",
					"@executable_path/Frameworks",
				);
				PRODUCT_BUNDLE_IDENTIFIER = com.yongchul.FirebasePractice;
				PRODUCT_NAME = "$(TARGET_NAME)";
				SWIFT_VERSION = 5.0;
				TARGETED_DEVICE_FAMILY = "1,2";
			};
			name = Debug;
		};
		8DE35E6423CB31CC00D1B898 /* Release */ = {
			isa = XCBuildConfiguration;
			baseConfigurationReference = D4340495B4E5A0225939BECA /* Pods-songSearch0112.release.xcconfig */;
			buildSettings = {
				ASSETCATALOG_COMPILER_APPICON_NAME = AppIcon;
				CODE_SIGN_STYLE = Automatic;
				DEVELOPMENT_TEAM = RCDSXX6TNM;
				INFOPLIST_FILE = songSearch0112/Info.plist;
				LD_RUNPATH_SEARCH_PATHS = (
					"$(inherited)",
					"@executable_path/Frameworks",
				);
				PRODUCT_BUNDLE_IDENTIFIER = com.yongchul.FirebasePractice;
				PRODUCT_NAME = "$(TARGET_NAME)";
				SWIFT_VERSION = 5.0;
				TARGETED_DEVICE_FAMILY = "1,2";
			};
			name = Release;
		};
/* End XCBuildConfiguration section */

/* Begin XCConfigurationList section */
		8DE35E4923CB31CA00D1B898 /* Build configuration list for PBXProject "songSearch0112" */ = {
			isa = XCConfigurationList;
			buildConfigurations = (
				8DE35E6023CB31CC00D1B898 /* Debug */,
				8DE35E6123CB31CC00D1B898 /* Release */,
			);
			defaultConfigurationIsVisible = 0;
			defaultConfigurationName = Release;
		};
		8DE35E6223CB31CC00D1B898 /* Build configuration list for PBXNativeTarget "songSearch0112" */ = {
			isa = XCConfigurationList;
			buildConfigurations = (
				8DE35E6323CB31CC00D1B898 /* Debug */,
				8DE35E6423CB31CC00D1B898 /* Release */,
			);
			defaultConfigurationIsVisible = 0;
			defaultConfigurationName = Release;
		};
/* End XCConfigurationList section */
	};
	rootObject = 8DE35E4623CB31CA00D1B898 /* Project object */;
}
