// !$*UTF8*$!
{
	archiveVersion = 1;
	classes = {
	};
	objectVersion = 50;
	objects = {

/* Begin PBXBuildFile section */
		8DAB6D7823EEC25C004AC6FD /* AppDelegate.swift in Sources */ = {isa = PBXBuildFile; fileRef = 8DAB6D7723EEC25C004AC6FD /* AppDelegate.swift */; };
		8DAB6D7A23EEC25C004AC6FD /* SceneDelegate.swift in Sources */ = {isa = PBXBuildFile; fileRef = 8DAB6D7923EEC25C004AC6FD /* SceneDelegate.swift */; };
		8DAB6D7C23EEC25C004AC6FD /* ViewController.swift in Sources */ = {isa = PBXBuildFile; fileRef = 8DAB6D7B23EEC25C004AC6FD /* ViewController.swift */; };
		8DAB6D7F23EEC25C004AC6FD /* Main.storyboard in Resources */ = {isa = PBXBuildFile; fileRef = 8DAB6D7D23EEC25C004AC6FD /* Main.storyboard */; };
		8DAB6D8123EEC25E004AC6FD /* Assets.xcassets in Resources */ = {isa = PBXBuildFile; fileRef = 8DAB6D8023EEC25E004AC6FD /* Assets.xcassets */; };
		8DAB6D8423EEC25E004AC6FD /* LaunchScreen.storyboard in Resources */ = {isa = PBXBuildFile; fileRef = 8DAB6D8223EEC25E004AC6FD /* LaunchScreen.storyboard */; };
/* End PBXBuildFile section */

/* Begin PBXFileReference section */
		8DAB6D7423EEC25C004AC6FD /* AppLifeCycle.app */ = {isa = PBXFileReference; explicitFileType = wrapper.application; includeInIndex = 0; path = AppLifeCycle.app; sourceTree = BUILT_PRODUCTS_DIR; };
		8DAB6D7723EEC25C004AC6FD /* AppDelegate.swift */ = {isa = PBXFileReference; lastKnownFileType = sourcecode.swift; path = AppDelegate.swift; sourceTree = "<group>"; };
		8DAB6D7923EEC25C004AC6FD /* SceneDelegate.swift */ = {isa = PBXFileReference; lastKnownFileType = sourcecode.swift; path = SceneDelegate.swift; sourceTree = "<group>"; };
		8DAB6D7B23EEC25C004AC6FD /* ViewController.swift */ = {isa = PBXFileReference; lastKnownFileType = sourcecode.swift; path = ViewController.swift; sourceTree = "<group>"; };
		8DAB6D7E23EEC25C004AC6FD /* Base */ = {isa = PBXFileReference; lastKnownFileType = file.storyboard; name = Base; path = Base.lproj/Main.storyboard; sourceTree = "<group>"; };
		8DAB6D8023EEC25E004AC6FD /* Assets.xcassets */ = {isa = PBXFileReference; lastKnownFileType = folder.assetcatalog; path = Assets.xcassets; sourceTree = "<group>"; };
		8DAB6D8323EEC25E004AC6FD /* Base */ = {isa = PBXFileReference; lastKnownFileType = file.storyboard; name = Base; path = Base.lproj/LaunchScreen.storyboard; sourceTree = "<group>"; };
		8DAB6D8523EEC25E004AC6FD /* Info.plist */ = {isa = PBXFileReference; lastKnownFileType = text.plist.xml; path = Info.plist; sourceTree = "<group>"; };
/* End PBXFileReference section */

/* Begin PBXFrameworksBuildPhase section */
		8DAB6D7123EEC25C004AC6FD /* Frameworks */ = {
			isa = PBXFrameworksBuildPhase;
			buildActionMask = 2147483647;
			files = (
			);
			runOnlyForDeploymentPostprocessing = 0;
		};
/* End PBXFrameworksBuildPhase section */

/* Begin PBXGroup section */
		8DAB6D6B23EEC25C004AC6FD = {
			isa = PBXGroup;
			children = (
				8DAB6D7623EEC25C004AC6FD /* AppLifeCycle */,
				8DAB6D7523EEC25C004AC6FD /* Products */,
			);
			sourceTree = "<group>";
		};
		8DAB6D7523EEC25C004AC6FD /* Products */ = {
			isa = PBXGroup;
			children = (
				8DAB6D7423EEC25C004AC6FD /* AppLifeCycle.app */,
			);
			name = Products;
			sourceTree = "<group>";
		};
		8DAB6D7623EEC25C004AC6FD /* AppLifeCycle */ = {
			isa = PBXGroup;
			children = (
				8DAB6D7723EEC25C004AC6FD /* AppDelegate.swift */,
				8DAB6D7923EEC25C004AC6FD /* SceneDelegate.swift */,
				8DAB6D7B23EEC25C004AC6FD /* ViewController.swift */,
				8DAB6D7D23EEC25C004AC6FD /* Main.storyboard */,
				8DAB6D8023EEC25E004AC6FD /* Assets.xcassets */,
				8DAB6D8223EEC25E004AC6FD /* LaunchScreen.storyboard */,
				8DAB6D8523EEC25E004AC6FD /* Info.plist */,
			);
			path = AppLifeCycle;
			sourceTree = "<group>";
		};
/* End PBXGroup section */

/* Begin PBXNativeTarget section */
		8DAB6D7323EEC25C004AC6FD /* AppLifeCycle */ = {
			isa = PBXNativeTarget;
			buildConfigurationList = 8DAB6D8823EEC25E004AC6FD /* Build configuration list for PBXNativeTarget "AppLifeCycle" */;
			buildPhases = (
				8DAB6D7023EEC25C004AC6FD /* Sources */,
				8DAB6D7123EEC25C004AC6FD /* Frameworks */,
				8DAB6D7223EEC25C004AC6FD /* Resources */,
			);
			buildRules = (
			);
			dependencies = (
			);
			name = AppLifeCycle;
			productName = AppLifeCycle;
			productReference = 8DAB6D7423EEC25C004AC6FD /* AppLifeCycle.app */;
			productType = "com.apple.product-type.application";
		};
/* End PBXNativeTarget section */

/* Begin PBXProject section */
		8DAB6D6C23EEC25C004AC6FD /* Project object */ = {
			isa = PBXProject;
			attributes = {
				LastSwiftUpdateCheck = 1130;
				LastUpgradeCheck = 1130;
				ORGANIZATIONNAME = "신용철";
				TargetAttributes = {
					8DAB6D7323EEC25C004AC6FD = {
						CreatedOnToolsVersion = 11.3.1;
					};
				};
			};
			buildConfigurationList = 8DAB6D6F23EEC25C004AC6FD /* Build configuration list for PBXProject "AppLifeCycle" */;
			compatibilityVersion = "Xcode 9.3";
			developmentRegion = en;
			hasScannedForEncodings = 0;
			knownRegions = (
				en,
				Base,
			);
			mainGroup = 8DAB6D6B23EEC25C004AC6FD;
			productRefGroup = 8DAB6D7523EEC25C004AC6FD /* Products */;
			projectDirPath = "";
			projectRoot = "";
			targets = (
				8DAB6D7323EEC25C004AC6FD /* AppLifeCycle */,
			);
		};
/* End PBXProject section */

/* Begin PBXResourcesBuildPhase section */
		8DAB6D7223EEC25C004AC6FD /* Resources */ = {
			isa = PBXResourcesBuildPhase;
			buildActionMask = 2147483647;
			files = (
				8DAB6D8423EEC25E004AC6FD /* LaunchScreen.storyboard in Resources */,
				8DAB6D8123EEC25E004AC6FD /* Assets.xcassets in Resources */,
				8DAB6D7F23EEC25C004AC6FD /* Main.storyboard in Resources */,
			);
			runOnlyForDeploymentPostprocessing = 0;
		};
/* End PBXResourcesBuildPhase section */

/* Begin PBXSourcesBuildPhase section */
		8DAB6D7023EEC25C004AC6FD /* Sources */ = {
			isa = PBXSourcesBuildPhase;
			buildActionMask = 2147483647;
			files = (
				8DAB6D7C23EEC25C004AC6FD /* ViewController.swift in Sources */,
				8DAB6D7823EEC25C004AC6FD /* AppDelegate.swift in Sources */,
				8DAB6D7A23EEC25C004AC6FD /* SceneDelegate.swift in Sources */,
			);
			runOnlyForDeploymentPostprocessing = 0;
		};
/* End PBXSourcesBuildPhase section */

/* Begin PBXVariantGroup section */
		8DAB6D7D23EEC25C004AC6FD /* Main.storyboard */ = {
			isa = PBXVariantGroup;
			children = (
				8DAB6D7E23EEC25C004AC6FD /* Base */,
			);
			name = Main.storyboard;
			sourceTree = "<group>";
		};
		8DAB6D8223EEC25E004AC6FD /* LaunchScreen.storyboard */ = {
			isa = PBXVariantGroup;
			children = (
				8DAB6D8323EEC25E004AC6FD /* Base */,
			);
			name = LaunchScreen.storyboard;
			sourceTree = "<group>";
		};
/* End PBXVariantGroup section */

/* Begin XCBuildConfiguration section */
		8DAB6D8623EEC25E004AC6FD /* Debug */ = {
			isa = XCBuildConfiguration;
			buildSettings = {
				ALWAYS_SEARCH_USER_PATHS = NO;
				CLANG_ANALYZER_NONNULL = YES;
				CLANG_ANALYZER_NUMBER_OBJECT_CONVERSION = YES_AGGRESSIVE;
				CLANG_CXX_LANGUAGE_STANDARD = "gnu++14";
				CLANG_CXX_LIBRARY = "libc++";
				CLANG_ENABLE_MODULES = YES;
				CLANG_ENABLE_OBJC_ARC = YES;
				CLANG_ENABLE_OBJC_WEAK = YES;
				CLANG_WARN_BLOCK_CAPTURE_AUTORELEASING = YES;
				CLANG_WARN_BOOL_CONVERSION = YES;
				CLANG_WARN_COMMA = YES;
				CLANG_WARN_CONSTANT_CONVERSION = YES;
				CLANG_WARN_DEPRECATED_OBJC_IMPLEMENTATIONS = YES;
				CLANG_WARN_DIRECT_OBJC_ISA_USAGE = YES_ERROR;
				CLANG_WARN_DOCUMENTATION_COMMENTS = YES;
				CLANG_WARN_EMPTY_BODY = YES;
				CLANG_WARN_ENUM_CONVERSION = YES;
				CLANG_WARN_INFINITE_RECURSION = YES;
				CLANG_WARN_INT_CONVERSION = YES;
				CLANG_WARN_NON_LITERAL_NULL_CONVERSION = YES;
				CLANG_WARN_OBJC_IMPLICIT_RETAIN_SELF = YES;
				CLANG_WARN_OBJC_LITERAL_CONVERSION = YES;
				CLANG_WARN_OBJC_ROOT_CLASS = YES_ERROR;
				CLANG_WARN_RANGE_LOOP_ANALYSIS = YES;
				CLANG_WARN_STRICT_PROTOTYPES = YES;
				CLANG_WARN_SUSPICIOUS_MOVE = YES;
				CLANG_WARN_UNGUARDED_AVAILABILITY = YES_AGGRESSIVE;
				CLANG_WARN_UNREACHABLE_CODE = YES;
				CLANG_WARN__DUPLICATE_METHOD_MATCH = YES;
				COPY_PHASE_STRIP = NO;
				DEBUG_INFORMATION_FORMAT = dwarf;
				ENABLE_STRICT_OBJC_MSGSEND = YES;
				ENABLE_TESTABILITY = YES;
				GCC_C_LANGUAGE_STANDARD = gnu11;
				GCC_DYNAMIC_NO_PIC = NO;
				GCC_NO_COMMON_BLOCKS = YES;
				GCC_OPTIMIZATION_LEVEL = 0;
				GCC_PREPROCESSOR_DEFINITIONS = (
					"DEBUG=1",
					"$(inherited)",
				);
				GCC_WARN_64_TO_32_BIT_CONVERSION = YES;
				GCC_WARN_ABOUT_RETURN_TYPE = YES_ERROR;
				GCC_WARN_UNDECLARED_SELECTOR = YES;
				GCC_WARN_UNINITIALIZED_AUTOS = YES_AGGRESSIVE;
				GCC_WARN_UNUSED_FUNCTION = YES;
				GCC_WARN_UNUSED_VARIABLE = YES;
				IPHONEOS_DEPLOYMENT_TARGET = 13.2;
				MTL_ENABLE_DEBUG_INFO = INCLUDE_SOURCE;
				MTL_FAST_MATH = YES;
				ONLY_ACTIVE_ARCH = YES;
				SDKROOT = iphoneos;
				SWIFT_ACTIVE_COMPILATION_CONDITIONS = DEBUG;
				SWIFT_OPTIMIZATION_LEVEL = "-Onone";
			};
			name = Debug;
		};
		8DAB6D8723EEC25E004AC6FD /* Release */ = {
			isa = XCBuildConfiguration;
			buildSettings = {
				ALWAYS_SEARCH_USER_PATHS = NO;
				CLANG_ANALYZER_NONNULL = YES;
				CLANG_ANALYZER_NUMBER_OBJECT_CONVERSION = YES_AGGRESSIVE;
				CLANG_CXX_LANGUAGE_STANDARD = "gnu++14";
				CLANG_CXX_LIBRARY = "libc++";
				CLANG_ENABLE_MODULES = YES;
				CLANG_ENABLE_OBJC_ARC = YES;
				CLANG_ENABLE_OBJC_WEAK = YES;
				CLANG_WARN_BLOCK_CAPTURE_AUTORELEASING = YES;
				CLANG_WARN_BOOL_CONVERSION = YES;
				CLANG_WARN_COMMA = YES;
				CLANG_WARN_CONSTANT_CONVERSION = YES;
				CLANG_WARN_DEPRECATED_OBJC_IMPLEMENTATIONS = YES;
				CLANG_WARN_DIRECT_OBJC_ISA_USAGE = YES_ERROR;
				CLANG_WARN_DOCUMENTATION_COMMENTS = YES;
				CLANG_WARN_EMPTY_BODY = YES;
				CLANG_WARN_ENUM_CONVERSION = YES;
				CLANG_WARN_INFINITE_RECURSION = YES;
				CLANG_WARN_INT_CONVERSION = YES;
				CLANG_WARN_NON_LITERAL_NULL_CONVERSION = YES;
				CLANG_WARN_OBJC_IMPLICIT_RETAIN_SELF = YES;
				CLANG_WARN_OBJC_LITERAL_CONVERSION = YES;
				CLANG_WARN_OBJC_ROOT_CLASS = YES_ERROR;
				CLANG_WARN_RANGE_LOOP_ANALYSIS = YES;
				CLANG_WARN_STRICT_PROTOTYPES = YES;
				CLANG_WARN_SUSPICIOUS_MOVE = YES;
				CLANG_WARN_UNGUARDED_AVAILABILITY = YES_AGGRESSIVE;
				CLANG_WARN_UNREACHABLE_CODE = YES;
				CLANG_WARN__DUPLICATE_METHOD_MATCH = YES;
				COPY_PHASE_STRIP = NO;
				DEBUG_INFORMATION_FORMAT = "dwarf-with-dsym";
				ENABLE_NS_ASSERTIONS = NO;
				ENABLE_STRICT_OBJC_MSGSEND = YES;
				GCC_C_LANGUAGE_STANDARD = gnu11;
				GCC_NO_COMMON_BLOCKS = YES;
				GCC_WARN_64_TO_32_BIT_CONVERSION = YES;
				GCC_WARN_ABOUT_RETURN_TYPE = YES_ERROR;
				GCC_WARN_UNDECLARED_SELECTOR = YES;
				GCC_WARN_UNINITIALIZED_AUTOS = YES_AGGRESSIVE;
				GCC_WARN_UNUSED_FUNCTION = YES;
				GCC_WARN_UNUSED_VARIABLE = YES;
				IPHONEOS_DEPLOYMENT_TARGET = 13.2;
				MTL_ENABLE_DEBUG_INFO = NO;
				MTL_FAST_MATH = YES;
				SDKROOT = iphoneos;
				SWIFT_COMPILATION_MODE = wholemodule;
				SWIFT_OPTIMIZATION_LEVEL = "-O";
				VALIDATE_PRODUCT = YES;
			};
			name = Release;
		};
		8DAB6D8923EEC25E004AC6FD /* Debug */ = {
			isa = XCBuildConfiguration;
			buildSettings = {
				ASSETCATALOG_COMPILER_APPICON_NAME = AppIcon;
				CODE_SIGN_STYLE = Automatic;
				DEVELOPMENT_TEAM = RCDSXX6TNM;
				INFOPLIST_FILE = AppLifeCycle/Info.plist;
				IPHONEOS_DEPLOYMENT_TARGET = 12.0;
				LD_RUNPATH_SEARCH_PATHS = (
					"$(inherited)",
					"@executable_path/Frameworks",
				);
				PRODUCT_BUNDLE_IDENTIFIER = com.yongchul.AppLifeCycle;
				PRODUCT_NAME = "$(TARGET_NAME)";
				SWIFT_VERSION = 5.0;
				TARGETED_DEVICE_FAMILY = "1,2";
			};
			name = Debug;
		};
		8DAB6D8A23EEC25E004AC6FD /* Release */ = {
			isa = XCBuildConfiguration;
			buildSettings = {
				ASSETCATALOG_COMPILER_APPICON_NAME = AppIcon;
				CODE_SIGN_STYLE = Automatic;
				DEVELOPMENT_TEAM = RCDSXX6TNM;
				INFOPLIST_FILE = AppLifeCycle/Info.plist;
				IPHONEOS_DEPLOYMENT_TARGET = 12.0;
				LD_RUNPATH_SEARCH_PATHS = (
					"$(inherited)",
					"@executable_path/Frameworks",
				);
				PRODUCT_BUNDLE_IDENTIFIER = com.yongchul.AppLifeCycle;
				PRODUCT_NAME = "$(TARGET_NAME)";
				SWIFT_VERSION = 5.0;
				TARGETED_DEVICE_FAMILY = "1,2";
			};
			name = Release;
		};
/* End XCBuildConfiguration section */

/* Begin XCConfigurationList section */
		8DAB6D6F23EEC25C004AC6FD /* Build configuration list for PBXProject "AppLifeCycle" */ = {
			isa = XCConfigurationList;
			buildConfigurations = (
				8DAB6D8623EEC25E004AC6FD /* Debug */,
				8DAB6D8723EEC25E004AC6FD /* Release */,
			);
			defaultConfigurationIsVisible = 0;
			defaultConfigurationName = Release;
		};
		8DAB6D8823EEC25E004AC6FD /* Build configuration list for PBXNativeTarget "AppLifeCycle" */ = {
			isa = XCConfigurationList;
			buildConfigurations = (
				8DAB6D8923EEC25E004AC6FD /* Debug */,
				8DAB6D8A23EEC25E004AC6FD /* Release */,
			);
			defaultConfigurationIsVisible = 0;
			defaultConfigurationName = Release;
		};
/* End XCConfigurationList section */
	};
	rootObject = 8DAB6D6C23EEC25C004AC6FD /* Project object */;
}
